
Microsoft Visual Studio Solution File, Format Version 12.00
# Visual Studio Version 16
VisualStudioVersion = 16.0.31129.286
MinimumVisualStudioVersion = 10.0.40219.1
Project("{8BC9CEB8-8B4A-11D0-8D11-00A0C91BC942}") = "classes-OOP-06-01-2021", "classes-OOP-06-01-2021\classes-OOP-06-01-2021.vcxproj", "{9749C2DA-A0E2-48B4-B89E-B7BC0B1A68E0}"
EndProject
Global
	GlobalSection(SolutionConfigurationPlatforms) = preSolution
		Debug|x64 = Debug|x64
		Debug|x86 = Debug|x86
		Release|x64 = Release|x64
		Release|x86 = Release|x86
	EndGlobalSection
	GlobalSection(ProjectConfigurationPlatforms) = postSolution
		{9749C2DA-A0E2-48B4-B89E-B7BC0B1A68E0}.Debug|x64.ActiveCfg = Debug|x64
		{9749C2DA-A0E2-48B4-B89E-B7BC0B1A68E0}.Debug|x64.Build.0 = Debug|x64
		{9749C2DA-A0E2-48B4-B89E-B7BC0B1A68E0}.Debug|x86.ActiveCfg = Debug|Win32
		{9749C2DA-A0E2-48B4-B89E-B7BC0B1A68E0}.Debug|x86.Build.0 = Debug|Win32
		{9749C2DA-A0E2-48B4-B89E-B7BC0B1A68E0}.Release|x64.ActiveCfg = Release|x64
		{9749C2DA-A0E2-48B4-B89E-B7BC0B1A68E0}.Release|x64.Build.0 = Release|x64
		{9749C2DA-A0E2-48B4-B89E-B7BC0B1A68E0}.Release|x86.ActiveCfg = Release|Win32
		{9749C2DA-A0E2-48B4-B89E-B7BC0B1A68E0}.Release|x86.Build.0 = Release|Win32
	EndGlobalSection
	GlobalSection(SolutionProperties) = preSolution
		HideSolutionNode = FALSE
	EndGlobalSection
	GlobalSection(ExtensibilityGlobals) = postSolution
		SolutionGuid = {610CD781-9CF2-4626-AEAE-A020C99A64F6}
	EndGlobalSection
EndGlobal
